
Microsoft Visual Studio Solution File, Format Version 12.00
# Visual Studio Version 17
VisualStudioVersion = 17.0.31903.59
MinimumVisualStudioVersion = 10.0.40219.1
Project("{FAE04EC0-301F-11D3-BF4B-00C04F79EFBC}") = "HomeOffice", "HomeOffice\HomeOffice.csproj", "{713B8623-2002-442B-962D-DE1DE64EB76D}"
EndProject
Global
	GlobalSection(SolutionConfigurationPlatforms) = preSolution
		Debug|Any CPU = Debug|Any CPU
		Release|Any CPU = Release|Any CPU
	EndGlobalSection
	GlobalSection(SolutionProperties) = preSolution
		HideSolutionNode = FALSE
	EndGlobalSection
	GlobalSection(ProjectConfigurationPlatforms) = postSolution
		{713B8623-2002-442B-962D-DE1DE64EB76D}.Debug|Any CPU.ActiveCfg = Debug|Any CPU
		{713B8623-2002-442B-962D-DE1DE64EB76D}.Debug|Any CPU.Build.0 = Debug|Any CPU
		{713B8623-2002-442B-962D-DE1DE64EB76D}.Release|Any CPU.ActiveCfg = Release|Any CPU
		{713B8623-2002-442B-962D-DE1DE64EB76D}.Release|Any CPU.Build.0 = Release|Any CPU
	EndGlobalSection
EndGlobal
